
Microsoft Visual Studio Solution File, Format Version 12.00
# Visual Studio Version 17
VisualStudioVersion = 17.2.32616.157
MinimumVisualStudioVersion = 10.0.40219.1
Project("{FAE04EC0-301F-11D3-BF4B-00C04F79EFBC}") = "EjercicioCuadrilateros", "EjercicioCuadrilateros.csproj", "{8B50C8D8-77FE-47E3-B32E-67DD2D8115FE}"
EndProject
Global
	GlobalSection(SolutionConfigurationPlatforms) = preSolution
		Debug|Any CPU = Debug|Any CPU
		Release|Any CPU = Release|Any CPU
	EndGlobalSection
	GlobalSection(ProjectConfigurationPlatforms) = postSolution
		{8B50C8D8-77FE-47E3-B32E-67DD2D8115FE}.Debug|Any CPU.ActiveCfg = Debug|Any CPU
		{8B50C8D8-77FE-47E3-B32E-67DD2D8115FE}.Debug|Any CPU.Build.0 = Debug|Any CPU
		{8B50C8D8-77FE-47E3-B32E-67DD2D8115FE}.Release|Any CPU.ActiveCfg = Release|Any CPU
		{8B50C8D8-77FE-47E3-B32E-67DD2D8115FE}.Release|Any CPU.Build.0 = Release|Any CPU
	EndGlobalSection
	GlobalSection(SolutionProperties) = preSolution
		HideSolutionNode = FALSE
	EndGlobalSection
	GlobalSection(ExtensibilityGlobals) = postSolution
		SolutionGuid = {04D681DF-BFB3-4B02-8C6B-24FA0F37CCBE}
	EndGlobalSection
EndGlobal
